// !$*UTF8*$!
{
	archiveVersion = 1;
	classes = {
	};
	objectVersion = 56;
	objects = {

/* Begin PBXBuildFile section */
		32A24A4E2BCDA55200E59DCC /* TestCIZApp.swift in Sources */ = {isa = PBXBuildFile; fileRef = 32A24A4D2BCDA55200E59DCC /* TestCIZApp.swift */; };
		32A24A502BCDA55200E59DCC /* Persistence.swift in Sources */ = {isa = PBXBuildFile; fileRef = 32A24A4F2BCDA55200E59DCC /* Persistence.swift */; };
		32A24A532BCDA55200E59DCC /* TestCIZ.xcdatamodeld in Sources */ = {isa = PBXBuildFile; fileRef = 32A24A512BCDA55200E59DCC /* TestCIZ.xcdatamodeld */; };
		32A24A552BCDA55200E59DCC /* ContentView.swift in Sources */ = {isa = PBXBuildFile; fileRef = 32A24A542BCDA55200E59DCC /* ContentView.swift */; };
		32A24A572BCDA55400E59DCC /* Assets.xcassets in Resources */ = {isa = PBXBuildFile; fileRef = 32A24A562BCDA55400E59DCC /* Assets.xcassets */; };
		32A24A5B2BCDA55400E59DCC /* Preview Assets.xcassets in Resources */ = {isa = PBXBuildFile; fileRef = 32A24A5A2BCDA55400E59DCC /* Preview Assets.xcassets */; };
		32A24A652BCDA55400E59DCC /* TestCIZTests.swift in Sources */ = {isa = PBXBuildFile; fileRef = 32A24A642BCDA55400E59DCC /* TestCIZTests.swift */; };
		32A24A6F2BCDA55400E59DCC /* TestCIZUITests.swift in Sources */ = {isa = PBXBuildFile; fileRef = 32A24A6E2BCDA55400E59DCC /* TestCIZUITests.swift */; };
		32A24A712BCDA55400E59DCC /* TestCIZUITestsLaunchTests.swift in Sources */ = {isa = PBXBuildFile; fileRef = 32A24A702BCDA55400E59DCC /* TestCIZUITestsLaunchTests.swift */; };
/* End PBXBuildFile section */

/* Begin PBXContainerItemProxy section */
		32A24A612BCDA55400E59DCC /* PBXContainerItemProxy */ = {
			isa = PBXContainerItemProxy;
			containerPortal = 32A24A422BCDA55200E59DCC /* Project object */;
			proxyType = 1;
			remoteGlobalIDString = 32A24A492BCDA55200E59DCC;
			remoteInfo = TestCIZ;
		};
		32A24A6B2BCDA55400E59DCC /* PBXContainerItemProxy */ = {
			isa = PBXContainerItemProxy;
			containerPortal = 32A24A422BCDA55200E59DCC /* Project object */;
			proxyType = 1;
			remoteGlobalIDString = 32A24A492BCDA55200E59DCC;
			remoteInfo = TestCIZ;
		};
/* End PBXContainerItemProxy section */

/* Begin PBXFileReference section */
		32A24A4A2BCDA55200E59DCC /* TestCIZ.app */ = {isa = PBXFileReference; explicitFileType = wrapper.application; includeInIndex = 0; path = TestCIZ.app; sourceTree = BUILT_PRODUCTS_DIR; };
		32A24A4D2BCDA55200E59DCC /* TestCIZApp.swift */ = {isa = PBXFileReference; lastKnownFileType = sourcecode.swift; path = TestCIZApp.swift; sourceTree = "<group>"; };
		32A24A4F2BCDA55200E59DCC /* Persistence.swift */ = {isa = PBXFileReference; lastKnownFileType = sourcecode.swift; path = Persistence.swift; sourceTree = "<group>"; };
		32A24A522BCDA55200E59DCC /* TestCIZ.xcdatamodel */ = {isa = PBXFileReference; lastKnownFileType = wrapper.xcdatamodel; path = TestCIZ.xcdatamodel; sourceTree = "<group>"; };
		32A24A542BCDA55200E59DCC /* ContentView.swift */ = {isa = PBXFileReference; lastKnownFileType = sourcecode.swift; path = ContentView.swift; sourceTree = "<group>"; };
		32A24A562BCDA55400E59DCC /* Assets.xcassets */ = {isa = PBXFileReference; lastKnownFileType = folder.assetcatalog; path = Assets.xcassets; sourceTree = "<group>"; };
		32A24A582BCDA55400E59DCC /* TestCIZ.entitlements */ = {isa = PBXFileReference; lastKnownFileType = text.plist.entitlements; path = TestCIZ.entitlements; sourceTree = "<group>"; };
		32A24A5A2BCDA55400E59DCC /* Preview Assets.xcassets */ = {isa = PBXFileReference; lastKnownFileType = folder.assetcatalog; path = "Preview Assets.xcassets"; sourceTree = "<group>"; };
		32A24A602BCDA55400E59DCC /* TestCIZTests.xctest */ = {isa = PBXFileReference; explicitFileType = wrapper.cfbundle; includeInIndex = 0; path = TestCIZTests.xctest; sourceTree = BUILT_PRODUCTS_DIR; };
		32A24A642BCDA55400E59DCC /* TestCIZTests.swift */ = {isa = PBXFileReference; lastKnownFileType = sourcecode.swift; path = TestCIZTests.swift; sourceTree = "<group>"; };
		32A24A6A2BCDA55400E59DCC /* TestCIZUITests.xctest */ = {isa = PBXFileReference; explicitFileType = wrapper.cfbundle; includeInIndex = 0; path = TestCIZUITests.xctest; sourceTree = BUILT_PRODUCTS_DIR; };
		32A24A6E2BCDA55400E59DCC /* TestCIZUITests.swift */ = {isa = PBXFileReference; lastKnownFileType = sourcecode.swift; path = TestCIZUITests.swift; sourceTree = "<group>"; };
		32A24A702BCDA55400E59DCC /* TestCIZUITestsLaunchTests.swift */ = {isa = PBXFileReference; lastKnownFileType = sourcecode.swift; path = TestCIZUITestsLaunchTests.swift; sourceTree = "<group>"; };
/* End PBXFileReference section */

/* Begin PBXFrameworksBuildPhase section */
		32A24A472BCDA55200E59DCC /* Frameworks */ = {
			isa = PBXFrameworksBuildPhase;
			buildActionMask = 2147483647;
			files = (
			);
			runOnlyForDeploymentPostprocessing = 0;
		};
		32A24A5D2BCDA55400E59DCC /* Frameworks */ = {
			isa = PBXFrameworksBuildPhase;
			buildActionMask = 2147483647;
			files = (
			);
			runOnlyForDeploymentPostprocessing = 0;
		};
		32A24A672BCDA55400E59DCC /* Frameworks */ = {
			isa = PBXFrameworksBuildPhase;
			buildActionMask = 2147483647;
			files = (
			);
			runOnlyForDeploymentPostprocessing = 0;
		};
/* End PBXFrameworksBuildPhase section */

/* Begin PBXGroup section */
		32A24A412BCDA55200E59DCC = {
			isa = PBXGroup;
			children = (
				32A24A4C2BCDA55200E59DCC /* TestCIZ */,
				32A24A632BCDA55400E59DCC /* TestCIZTests */,
				32A24A6D2BCDA55400E59DCC /* TestCIZUITests */,
				32A24A4B2BCDA55200E59DCC /* Products */,
			);
			sourceTree = "<group>";
		};
		32A24A4B2BCDA55200E59DCC /* Products */ = {
			isa = PBXGroup;
			children = (
				32A24A4A2BCDA55200E59DCC /* TestCIZ.app */,
				32A24A602BCDA55400E59DCC /* TestCIZTests.xctest */,
				32A24A6A2BCDA55400E59DCC /* TestCIZUITests.xctest */,
			);
			name = Products;
			sourceTree = "<group>";
		};
		32A24A4C2BCDA55200E59DCC /* TestCIZ */ = {
			isa = PBXGroup;
			children = (
				32A24A4D2BCDA55200E59DCC /* TestCIZApp.swift */,
				32A24A4F2BCDA55200E59DCC /* Persistence.swift */,
				32A24A542BCDA55200E59DCC /* ContentView.swift */,
				32A24A562BCDA55400E59DCC /* Assets.xcassets */,
				32A24A582BCDA55400E59DCC /* TestCIZ.entitlements */,
				32A24A512BCDA55200E59DCC /* TestCIZ.xcdatamodeld */,
				32A24A592BCDA55400E59DCC /* Preview Content */,
			);
			path = TestCIZ;
			sourceTree = "<group>";
		};
		32A24A592BCDA55400E59DCC /* Preview Content */ = {
			isa = PBXGroup;
			children = (
				32A24A5A2BCDA55400E59DCC /* Preview Assets.xcassets */,
			);
			path = "Preview Content";
			sourceTree = "<group>";
		};
		32A24A632BCDA55400E59DCC /* TestCIZTests */ = {
			isa = PBXGroup;
			children = (
				32A24A642BCDA55400E59DCC /* TestCIZTests.swift */,
			);
			path = TestCIZTests;
			sourceTree = "<group>";
		};
		32A24A6D2BCDA55400E59DCC /* TestCIZUITests */ = {
			isa = PBXGroup;
			children = (
				32A24A6E2BCDA55400E59DCC /* TestCIZUITests.swift */,
				32A24A702BCDA55400E59DCC /* TestCIZUITestsLaunchTests.swift */,
			);
			path = TestCIZUITests;
			sourceTree = "<group>";
		};
/* End PBXGroup section */

/* Begin PBXNativeTarget section */
		32A24A492BCDA55200E59DCC /* TestCIZ */ = {
			isa = PBXNativeTarget;
			buildConfigurationList = 32A24A742BCDA55400E59DCC /* Build configuration list for PBXNativeTarget "TestCIZ" */;
			buildPhases = (
				32A24A462BCDA55200E59DCC /* Sources */,
				32A24A472BCDA55200E59DCC /* Frameworks */,
				32A24A482BCDA55200E59DCC /* Resources */,
			);
			buildRules = (
			);
			dependencies = (
			);
			name = TestCIZ;
			productName = TestCIZ;
			productReference = 32A24A4A2BCDA55200E59DCC /* TestCIZ.app */;
			productType = "com.apple.product-type.application";
		};
		32A24A5F2BCDA55400E59DCC /* TestCIZTests */ = {
			isa = PBXNativeTarget;
			buildConfigurationList = 32A24A772BCDA55400E59DCC /* Build configuration list for PBXNativeTarget "TestCIZTests" */;
			buildPhases = (
				32A24A5C2BCDA55400E59DCC /* Sources */,
				32A24A5D2BCDA55400E59DCC /* Frameworks */,
				32A24A5E2BCDA55400E59DCC /* Resources */,
			);
			buildRules = (
			);
			dependencies = (
				32A24A622BCDA55400E59DCC /* PBXTargetDependency */,
			);
			name = TestCIZTests;
			productName = TestCIZTests;
			productReference = 32A24A602BCDA55400E59DCC /* TestCIZTests.xctest */;
			productType = "com.apple.product-type.bundle.unit-test";
		};
		32A24A692BCDA55400E59DCC /* TestCIZUITests */ = {
			isa = PBXNativeTarget;
			buildConfigurationList = 32A24A7A2BCDA55400E59DCC /* Build configuration list for PBXNativeTarget "TestCIZUITests" */;
			buildPhases = (
				32A24A662BCDA55400E59DCC /* Sources */,
				32A24A672BCDA55400E59DCC /* Frameworks */,
				32A24A682BCDA55400E59DCC /* Resources */,
			);
			buildRules = (
			);
			dependencies = (
				32A24A6C2BCDA55400E59DCC /* PBXTargetDependency */,
			);
			name = TestCIZUITests;
			productName = TestCIZUITests;
			productReference = 32A24A6A2BCDA55400E59DCC /* TestCIZUITests.xctest */;
			productType = "com.apple.product-type.bundle.ui-testing";
		};
/* End PBXNativeTarget section */

/* Begin PBXProject section */
		32A24A422BCDA55200E59DCC /* Project object */ = {
			isa = PBXProject;
			attributes = {
				BuildIndependentTargetsInParallel = 1;
				LastSwiftUpdateCheck = 1530;
				LastUpgradeCheck = 1530;
				TargetAttributes = {
					32A24A492BCDA55200E59DCC = {
						CreatedOnToolsVersion = 15.3;
					};
					32A24A5F2BCDA55400E59DCC = {
						CreatedOnToolsVersion = 15.3;
						TestTargetID = 32A24A492BCDA55200E59DCC;
					};
					32A24A692BCDA55400E59DCC = {
						CreatedOnToolsVersion = 15.3;
						TestTargetID = 32A24A492BCDA55200E59DCC;
					};
				};
			};
			buildConfigurationList = 32A24A452BCDA55200E59DCC /* Build configuration list for PBXProject "TestCIZ" */;
			compatibilityVersion = "Xcode 14.0";
			developmentRegion = en;
			hasScannedForEncodings = 0;
			knownRegions = (
				en,
				Base,
			);
			mainGroup = 32A24A412BCDA55200E59DCC;
			productRefGroup = 32A24A4B2BCDA55200E59DCC /* Products */;
			projectDirPath = "";
			projectRoot = "";
			targets = (
				32A24A492BCDA55200E59DCC /* TestCIZ */,
				32A24A5F2BCDA55400E59DCC /* TestCIZTests */,
				32A24A692BCDA55400E59DCC /* TestCIZUITests */,
			);
		};
/* End PBXProject section */

/* Begin PBXResourcesBuildPhase section */
		32A24A482BCDA55200E59DCC /* Resources */ = {
			isa = PBXResourcesBuildPhase;
			buildActionMask = 2147483647;
			files = (
				32A24A5B2BCDA55400E59DCC /* Preview Assets.xcassets in Resources */,
				32A24A572BCDA55400E59DCC /* Assets.xcassets in Resources */,
			);
			runOnlyForDeploymentPostprocessing = 0;
		};
		32A24A5E2BCDA55400E59DCC /* Resources */ = {
			isa = PBXResourcesBuildPhase;
			buildActionMask = 2147483647;
			files = (
			);
			runOnlyForDeploymentPostprocessing = 0;
		};
		32A24A682BCDA55400E59DCC /* Resources */ = {
			isa = PBXResourcesBuildPhase;
			buildActionMask = 2147483647;
			files = (
			);
			runOnlyForDeploymentPostprocessing = 0;
		};
/* End PBXResourcesBuildPhase section */

/* Begin PBXSourcesBuildPhase section */
		32A24A462BCDA55200E59DCC /* Sources */ = {
			isa = PBXSourcesBuildPhase;
			buildActionMask = 2147483647;
			files = (
				32A24A532BCDA55200E59DCC /* TestCIZ.xcdatamodeld in Sources */,
				32A24A4E2BCDA55200E59DCC /* TestCIZApp.swift in Sources */,
				32A24A552BCDA55200E59DCC /* ContentView.swift in Sources */,
				32A24A502BCDA55200E59DCC /* Persistence.swift in Sources */,
			);
			runOnlyForDeploymentPostprocessing = 0;
		};
		32A24A5C2BCDA55400E59DCC /* Sources */ = {
			isa = PBXSourcesBuildPhase;
			buildActionMask = 2147483647;
			files = (
				32A24A652BCDA55400E59DCC /* TestCIZTests.swift in Sources */,
			);
			runOnlyForDeploymentPostprocessing = 0;
		};
		32A24A662BCDA55400E59DCC /* Sources */ = {
			isa = PBXSourcesBuildPhase;
			buildActionMask = 2147483647;
			files = (
				32A24A6F2BCDA55400E59DCC /* TestCIZUITests.swift in Sources */,
				32A24A712BCDA55400E59DCC /* TestCIZUITestsLaunchTests.swift in Sources */,
			);
			runOnlyForDeploymentPostprocessing = 0;
		};
/* End PBXSourcesBuildPhase section */

/* Begin PBXTargetDependency section */
		32A24A622BCDA55400E59DCC /* PBXTargetDependency */ = {
			isa = PBXTargetDependency;
			target = 32A24A492BCDA55200E59DCC /* TestCIZ */;
			targetProxy = 32A24A612BCDA55400E59DCC /* PBXContainerItemProxy */;
		};
		32A24A6C2BCDA55400E59DCC /* PBXTargetDependency */ = {
			isa = PBXTargetDependency;
			target = 32A24A492BCDA55200E59DCC /* TestCIZ */;
			targetProxy = 32A24A6B2BCDA55400E59DCC /* PBXContainerItemProxy */;
		};
/* End PBXTargetDependency section */

/* Begin XCBuildConfiguration section */
		32A24A722BCDA55400E59DCC /* Debug */ = {
			isa = XCBuildConfiguration;
			buildSettings = {
				ALWAYS_SEARCH_USER_PATHS = NO;
				ASSETCATALOG_COMPILER_GENERATE_SWIFT_ASSET_SYMBOL_EXTENSIONS = YES;
				CLANG_ANALYZER_NONNULL = YES;
				CLANG_ANALYZER_NUMBER_OBJECT_CONVERSION = YES_AGGRESSIVE;
				CLANG_CXX_LANGUAGE_STANDARD = "gnu++20";
				CLANG_ENABLE_MODULES = YES;
				CLANG_ENABLE_OBJC_ARC = YES;
				CLANG_ENABLE_OBJC_WEAK = YES;
				CLANG_WARN_BLOCK_CAPTURE_AUTORELEASING = YES;
				CLANG_WARN_BOOL_CONVERSION = YES;
				CLANG_WARN_COMMA = YES;
				CLANG_WARN_CONSTANT_CONVERSION = YES;
				CLANG_WARN_DEPRECATED_OBJC_IMPLEMENTATIONS = YES;
				CLANG_WARN_DIRECT_OBJC_ISA_USAGE = YES_ERROR;
				CLANG_WARN_DOCUMENTATION_COMMENTS = YES;
				CLANG_WARN_EMPTY_BODY = YES;
				CLANG_WARN_ENUM_CONVERSION = YES;
				CLANG_WARN_INFINITE_RECURSION = YES;
				CLANG_WARN_INT_CONVERSION = YES;
				CLANG_WARN_NON_LITERAL_NULL_CONVERSION = YES;
				CLANG_WARN_OBJC_IMPLICIT_RETAIN_SELF = YES;
				CLANG_WARN_OBJC_LITERAL_CONVERSION = YES;
				CLANG_WARN_OBJC_ROOT_CLASS = YES_ERROR;
				CLANG_WARN_QUOTED_INCLUDE_IN_FRAMEWORK_HEADER = YES;
				CLANG_WARN_RANGE_LOOP_ANALYSIS = YES;
				CLANG_WARN_STRICT_PROTOTYPES = YES;
				CLANG_WARN_SUSPICIOUS_MOVE = YES;
				CLANG_WARN_UNGUARDED_AVAILABILITY = YES_AGGRESSIVE;
				CLANG_WARN_UNREACHABLE_CODE = YES;
				CLANG_WARN__DUPLICATE_METHOD_MATCH = YES;
				COPY_PHASE_STRIP = NO;
				DEBUG_INFORMATION_FORMAT = dwarf;
				ENABLE_STRICT_OBJC_MSGSEND = YES;
				ENABLE_TESTABILITY = YES;
				ENABLE_USER_SCRIPT_SANDBOXING = YES;
				GCC_C_LANGUAGE_STANDARD = gnu17;
				GCC_DYNAMIC_NO_PIC = NO;
				GCC_NO_COMMON_BLOCKS = YES;
				GCC_OPTIMIZATION_LEVEL = 0;
				GCC_PREPROCESSOR_DEFINITIONS = (
					"DEBUG=1",
					"$(inherited)",
				);
				GCC_WARN_64_TO_32_BIT_CONVERSION = YES;
				GCC_WARN_ABOUT_RETURN_TYPE = YES_ERROR;
				GCC_WARN_UNDECLARED_SELECTOR = YES;
				GCC_WARN_UNINITIALIZED_AUTOS = YES_AGGRESSIVE;
				GCC_WARN_UNUSED_FUNCTION = YES;
				GCC_WARN_UNUSED_VARIABLE = YES;
				LOCALIZATION_PREFERS_STRING_CATALOGS = YES;
				MTL_ENABLE_DEBUG_INFO = INCLUDE_SOURCE;
				MTL_FAST_MATH = YES;
				ONLY_ACTIVE_ARCH = YES;
				SWIFT_ACTIVE_COMPILATION_CONDITIONS = "DEBUG $(inherited)";
				SWIFT_OPTIMIZATION_LEVEL = "-Onone";
			};
			name = Debug;
		};
		32A24A732BCDA55400E59DCC /* Release */ = {
			isa = XCBuildConfiguration;
			buildSettings = {
				ALWAYS_SEARCH_USER_PATHS = NO;
				ASSETCATALOG_COMPILER_GENERATE_SWIFT_ASSET_SYMBOL_EXTENSIONS = YES;
				CLANG_ANALYZER_NONNULL = YES;
				CLANG_ANALYZER_NUMBER_OBJECT_CONVERSION = YES_AGGRESSIVE;
				CLANG_CXX_LANGUAGE_STANDARD = "gnu++20";
				CLANG_ENABLE_MODULES = YES;
				CLANG_ENABLE_OBJC_ARC = YES;
				CLANG_ENABLE_OBJC_WEAK = YES;
				CLANG_WARN_BLOCK_CAPTURE_AUTORELEASING = YES;
				CLANG_WARN_BOOL_CONVERSION = YES;
				CLANG_WARN_COMMA = YES;
				CLANG_WARN_CONSTANT_CONVERSION = YES;
				CLANG_WARN_DEPRECATED_OBJC_IMPLEMENTATIONS = YES;
				CLANG_WARN_DIRECT_OBJC_ISA_USAGE = YES_ERROR;
				CLANG_WARN_DOCUMENTATION_COMMENTS = YES;
				CLANG_WARN_EMPTY_BODY = YES;
				CLANG_WARN_ENUM_CONVERSION = YES;
				CLANG_WARN_INFINITE_RECURSION = YES;
				CLANG_WARN_INT_CONVERSION = YES;
				CLANG_WARN_NON_LITERAL_NULL_CONVERSION = YES;
				CLANG_WARN_OBJC_IMPLICIT_RETAIN_SELF = YES;
				CLANG_WARN_OBJC_LITERAL_CONVERSION = YES;
				CLANG_WARN_OBJC_ROOT_CLASS = YES_ERROR;
				CLANG_WARN_QUOTED_INCLUDE_IN_FRAMEWORK_HEADER = YES;
				CLANG_WARN_RANGE_LOOP_ANALYSIS = YES;
				CLANG_WARN_STRICT_PROTOTYPES = YES;
				CLANG_WARN_SUSPICIOUS_MOVE = YES;
				CLANG_WARN_UNGUARDED_AVAILABILITY = YES_AGGRESSIVE;
				CLANG_WARN_UNREACHABLE_CODE = YES;
				CLANG_WARN__DUPLICATE_METHOD_MATCH = YES;
				COPY_PHASE_STRIP = NO;
				DEBUG_INFORMATION_FORMAT = "dwarf-with-dsym";
				ENABLE_NS_ASSERTIONS = NO;
				ENABLE_STRICT_OBJC_MSGSEND = YES;
				ENABLE_USER_SCRIPT_SANDBOXING = YES;
				GCC_C_LANGUAGE_STANDARD = gnu17;
				GCC_NO_COMMON_BLOCKS = YES;
				GCC_WARN_64_TO_32_BIT_CONVERSION = YES;
				GCC_WARN_ABOUT_RETURN_TYPE = YES_ERROR;
				GCC_WARN_UNDECLARED_SELECTOR = YES;
				GCC_WARN_UNINITIALIZED_AUTOS = YES_AGGRESSIVE;
				GCC_WARN_UNUSED_FUNCTION = YES;
				GCC_WARN_UNUSED_VARIABLE = YES;
				LOCALIZATION_PREFERS_STRING_CATALOGS = YES;
				MTL_ENABLE_DEBUG_INFO = NO;
				MTL_FAST_MATH = YES;
				SWIFT_COMPILATION_MODE = wholemodule;
			};
			name = Release;
		};
		32A24A752BCDA55400E59DCC /* Debug */ = {
			isa = XCBuildConfiguration;
			buildSettings = {
				ASSETCATALOG_COMPILER_APPICON_NAME = AppIcon;
				ASSETCATALOG_COMPILER_GLOBAL_ACCENT_COLOR_NAME = AccentColor;
				CODE_SIGN_ENTITLEMENTS = TestCIZ/TestCIZ.entitlements;
				CODE_SIGN_STYLE = Automatic;
				CURRENT_PROJECT_VERSION = 1;
				DEVELOPMENT_ASSET_PATHS = "\"TestCIZ/Preview Content\"";
				ENABLE_PREVIEWS = YES;
				GENERATE_INFOPLIST_FILE = YES;
				"INFOPLIST_KEY_UIApplicationSceneManifest_Generation[sdk=iphoneos*]" = YES;
				"INFOPLIST_KEY_UIApplicationSceneManifest_Generation[sdk=iphonesimulator*]" = YES;
				"INFOPLIST_KEY_UIApplicationSupportsIndirectInputEvents[sdk=iphoneos*]" = YES;
				"INFOPLIST_KEY_UIApplicationSupportsIndirectInputEvents[sdk=iphonesimulator*]" = YES;
				"INFOPLIST_KEY_UILaunchScreen_Generation[sdk=iphoneos*]" = YES;
				"INFOPLIST_KEY_UILaunchScreen_Generation[sdk=iphonesimulator*]" = YES;
				"INFOPLIST_KEY_UIStatusBarStyle[sdk=iphoneos*]" = UIStatusBarStyleDefault;
				"INFOPLIST_KEY_UIStatusBarStyle[sdk=iphonesimulator*]" = UIStatusBarStyleDefault;
				INFOPLIST_KEY_UISupportedInterfaceOrientations_iPad = "UIInterfaceOrientationPortrait UIInterfaceOrientationPortraitUpsideDown UIInterfaceOrientationLandscapeLeft UIInterfaceOrientationLandscapeRight";
				INFOPLIST_KEY_UISupportedInterfaceOrientations_iPhone = "UIInterfaceOrientationPortrait UIInterfaceOrientationLandscapeLeft UIInterfaceOrientationLandscapeRight";
				IPHONEOS_DEPLOYMENT_TARGET = 17.4;
				LD_RUNPATH_SEARCH_PATHS = "@executable_path/Frameworks";
				"LD_RUNPATH_SEARCH_PATHS[sdk=macosx*]" = "@executable_path/../Frameworks";
				MACOSX_DEPLOYMENT_TARGET = 14.1;
				MARKETING_VERSION = 1.0;
				PRODUCT_BUNDLE_IDENTIFIER = com.example.TestCIZ;
				PRODUCT_NAME = "$(TARGET_NAME)";
				SDKROOT = auto;
				SUPPORTED_PLATFORMS = "iphoneos iphonesimulator macosx";
				SWIFT_EMIT_LOC_STRINGS = YES;
				SWIFT_VERSION = 5.0;
				TARGETED_DEVICE_FAMILY = "1,2";
			};
			name = Debug;
		};
		32A24A762BCDA55400E59DCC /* Release */ = {
			isa = XCBuildConfiguration;
			buildSettings = {
				ASSETCATALOG_COMPILER_APPICON_NAME = AppIcon;
				ASSETCATALOG_COMPILER_GLOBAL_ACCENT_COLOR_NAME = AccentColor;
				CODE_SIGN_ENTITLEMENTS = TestCIZ/TestCIZ.entitlements;
				CODE_SIGN_STYLE = Automatic;
				CURRENT_PROJECT_VERSION = 1;
				DEVELOPMENT_ASSET_PATHS = "\"TestCIZ/Preview Content\"";
				ENABLE_PREVIEWS = YES;
				GENERATE_INFOPLIST_FILE = YES;
				"INFOPLIST_KEY_UIApplicationSceneManifest_Generation[sdk=iphoneos*]" = YES;
				"INFOPLIST_KEY_UIApplicationSceneManifest_Generation[sdk=iphonesimulator*]" = YES;
				"INFOPLIST_KEY_UIApplicationSupportsIndirectInputEvents[sdk=iphoneos*]" = YES;
				"INFOPLIST_KEY_UIApplicationSupportsIndirectInputEvents[sdk=iphonesimulator*]" = YES;
				"INFOPLIST_KEY_UILaunchScreen_Generation[sdk=iphoneos*]" = YES;
				"INFOPLIST_KEY_UILaunchScreen_Generation[sdk=iphonesimulator*]" = YES;
				"INFOPLIST_KEY_UIStatusBarStyle[sdk=iphoneos*]" = UIStatusBarStyleDefault;
				"INFOPLIST_KEY_UIStatusBarStyle[sdk=iphonesimulator*]" = UIStatusBarStyleDefault;
				INFOPLIST_KEY_UISupportedInterfaceOrientations_iPad = "UIInterfaceOrientationPortrait UIInterfaceOrientationPortraitUpsideDown UIInterfaceOrientationLandscapeLeft UIInterfaceOrientationLandscapeRight";
				INFOPLIST_KEY_UISupportedInterfaceOrientations_iPhone = "UIInterfaceOrientationPortrait UIInterfaceOrientationLandscapeLeft UIInterfaceOrientationLandscapeRight";
				IPHONEOS_DEPLOYMENT_TARGET = 17.4;
				LD_RUNPATH_SEARCH_PATHS = "@executable_path/Frameworks";
				"LD_RUNPATH_SEARCH_PATHS[sdk=macosx*]" = "@executable_path/../Frameworks";
				MACOSX_DEPLOYMENT_TARGET = 14.1;
				MARKETING_VERSION = 1.0;
				PRODUCT_BUNDLE_IDENTIFIER = com.example.TestCIZ;
				PRODUCT_NAME = "$(TARGET_NAME)";
				SDKROOT = auto;
				SUPPORTED_PLATFORMS = "iphoneos iphonesimulator macosx";
				SWIFT_EMIT_LOC_STRINGS = YES;
				SWIFT_VERSION = 5.0;
				TARGETED_DEVICE_FAMILY = "1,2";
			};
			name = Release;
		};
		32A24A782BCDA55400E59DCC /* Debug */ = {
			isa = XCBuildConfiguration;
			buildSettings = {
				ALWAYS_EMBED_SWIFT_STANDARD_LIBRARIES = YES;
				BUNDLE_LOADER = "$(TEST_HOST)";
				CODE_SIGN_STYLE = Automatic;
				CURRENT_PROJECT_VERSION = 1;
				GENERATE_INFOPLIST_FILE = YES;
				IPHONEOS_DEPLOYMENT_TARGET = 17.4;
				MACOSX_DEPLOYMENT_TARGET = 14.1;
				MARKETING_VERSION = 1.0;
				PRODUCT_BUNDLE_IDENTIFIER = com.example.TestCIZTests;
				PRODUCT_NAME = "$(TARGET_NAME)";
				SDKROOT = auto;
				SUPPORTED_PLATFORMS = "iphoneos iphonesimulator macosx";
				SWIFT_EMIT_LOC_STRINGS = NO;
				SWIFT_VERSION = 5.0;
				TARGETED_DEVICE_FAMILY = "1,2";
				TEST_HOST = "$(BUILT_PRODUCTS_DIR)/TestCIZ.app/$(BUNDLE_EXECUTABLE_FOLDER_PATH)/TestCIZ";
			};
			name = Debug;
		};
		32A24A792BCDA55400E59DCC /* Release */ = {
			isa = XCBuildConfiguration;
			buildSettings = {
				ALWAYS_EMBED_SWIFT_STANDARD_LIBRARIES = YES;
				BUNDLE_LOADER = "$(TEST_HOST)";
				CODE_SIGN_STYLE = Automatic;
				CURRENT_PROJECT_VERSION = 1;
				GENERATE_INFOPLIST_FILE = YES;
				IPHONEOS_DEPLOYMENT_TARGET = 17.4;
				MACOSX_DEPLOYMENT_TARGET = 14.1;
				MARKETING_VERSION = 1.0;
				PRODUCT_BUNDLE_IDENTIFIER = com.example.TestCIZTests;
				PRODUCT_NAME = "$(TARGET_NAME)";
				SDKROOT = auto;
				SUPPORTED_PLATFORMS = "iphoneos iphonesimulator macosx";
				SWIFT_EMIT_LOC_STRINGS = NO;
				SWIFT_VERSION = 5.0;
				TARGETED_DEVICE_FAMILY = "1,2";
				TEST_HOST = "$(BUILT_PRODUCTS_DIR)/TestCIZ.app/$(BUNDLE_EXECUTABLE_FOLDER_PATH)/TestCIZ";
			};
			name = Release;
		};
		32A24A7B2BCDA55400E59DCC /* Debug */ = {
			isa = XCBuildConfiguration;
			buildSettings = {
				ALWAYS_EMBED_SWIFT_STANDARD_LIBRARIES = YES;
				CODE_SIGN_STYLE = Automatic;
				CURRENT_PROJECT_VERSION = 1;
				GENERATE_INFOPLIST_FILE = YES;
				IPHONEOS_DEPLOYMENT_TARGET = 17.4;
				MACOSX_DEPLOYMENT_TARGET = 14.1;
				MARKETING_VERSION = 1.0;
				PRODUCT_BUNDLE_IDENTIFIER = com.example.TestCIZUITests;
				PRODUCT_NAME = "$(TARGET_NAME)";
				SDKROOT = auto;
				SUPPORTED_PLATFORMS = "iphoneos iphonesimulator macosx";
				SWIFT_EMIT_LOC_STRINGS = NO;
				SWIFT_VERSION = 5.0;
				TARGETED_DEVICE_FAMILY = "1,2";
				TEST_TARGET_NAME = TestCIZ;
			};
			name = Debug;
		};
		32A24A7C2BCDA55400E59DCC /* Release */ = {
			isa = XCBuildConfiguration;
			buildSettings = {
				ALWAYS_EMBED_SWIFT_STANDARD_LIBRARIES = YES;
				CODE_SIGN_STYLE = Automatic;
				CURRENT_PROJECT_VERSION = 1;
				GENERATE_INFOPLIST_FILE = YES;
				IPHONEOS_DEPLOYMENT_TARGET = 17.4;
				MACOSX_DEPLOYMENT_TARGET = 14.1;
				MARKETING_VERSION = 1.0;
				PRODUCT_BUNDLE_IDENTIFIER = com.example.TestCIZUITests;
				PRODUCT_NAME = "$(TARGET_NAME)";
				SDKROOT = auto;
				SUPPORTED_PLATFORMS = "iphoneos iphonesimulator macosx";
				SWIFT_EMIT_LOC_STRINGS = NO;
				SWIFT_VERSION = 5.0;
				TARGETED_DEVICE_FAMILY = "1,2";
				TEST_TARGET_NAME = TestCIZ;
			};
			name = Release;
		};
/* End XCBuildConfiguration section */

/* Begin XCConfigurationList section */
		32A24A452BCDA55200E59DCC /* Build configuration list for PBXProject "TestCIZ" */ = {
			isa = XCConfigurationList;
			buildConfigurations = (
				32A24A722BCDA55400E59DCC /* Debug */,
				32A24A732BCDA55400E59DCC /* Release */,
			);
			defaultConfigurationIsVisible = 0;
			defaultConfigurationName = Release;
		};
		32A24A742BCDA55400E59DCC /* Build configuration list for PBXNativeTarget "TestCIZ" */ = {
			isa = XCConfigurationList;
			buildConfigurations = (
				32A24A752BCDA55400E59DCC /* Debug */,
				32A24A762BCDA55400E59DCC /* Release */,
			);
			defaultConfigurationIsVisible = 0;
			defaultConfigurationName = Release;
		};
		32A24A772BCDA55400E59DCC /* Build configuration list for PBXNativeTarget "TestCIZTests" */ = {
			isa = XCConfigurationList;
			buildConfigurations = (
				32A24A782BCDA55400E59DCC /* Debug */,
				32A24A792BCDA55400E59DCC /* Release */,
			);
			defaultConfigurationIsVisible = 0;
			defaultConfigurationName = Release;
		};
		32A24A7A2BCDA55400E59DCC /* Build configuration list for PBXNativeTarget "TestCIZUITests" */ = {
			isa = XCConfigurationList;
			buildConfigurations = (
				32A24A7B2BCDA55400E59DCC /* Debug */,
				32A24A7C2BCDA55400E59DCC /* Release */,
			);
			defaultConfigurationIsVisible = 0;
			defaultConfigurationName = Release;
		};
/* End XCConfigurationList section */

/* Begin XCVersionGroup section */
		32A24A512BCDA55200E59DCC /* TestCIZ.xcdatamodeld */ = {
			isa = XCVersionGroup;
			children = (
				32A24A522BCDA55200E59DCC /* TestCIZ.xcdatamodel */,
			);
			currentVersion = 32A24A522BCDA55200E59DCC /* TestCIZ.xcdatamodel */;
			path = TestCIZ.xcdatamodeld;
			sourceTree = "<group>";
			versionGroupType = wrapper.xcdatamodel;
		};
/* End XCVersionGroup section */
	};
	rootObject = 32A24A422BCDA55200E59DCC /* Project object */;
}
